
Microsoft Visual Studio Solution File, Format Version 11.00
# Visual Studio 2010
Project("{8BC9CEB8-8B4A-11D0-8D11-00A0C91BC942}") = "CreateDemo", "CreateDemo\CreateDemo.vcxproj", "{EA35833E-2C60-40CA-98FE-2CD9101A71A9}"
EndProject
Global
	GlobalSection(SolutionConfigurationPlatforms) = preSolution
		Debug|Win32 = Debug|Win32
		Release|Win32 = Release|Win32
	EndGlobalSection
	GlobalSection(ProjectConfigurationPlatforms) = postSolution
		{EA35833E-2C60-40CA-98FE-2CD9101A71A9}.Debug|Win32.ActiveCfg = Debug|Win32
		{EA35833E-2C60-40CA-98FE-2CD9101A71A9}.Debug|Win32.Build.0 = Debug|Win32
		{EA35833E-2C60-40CA-98FE-2CD9101A71A9}.Release|Win32.ActiveCfg = Release|Win32
		{EA35833E-2C60-40CA-98FE-2CD9101A71A9}.Release|Win32.Build.0 = Release|Win32
	EndGlobalSection
	GlobalSection(SolutionProperties) = preSolution
		HideSolutionNode = FALSE
	EndGlobalSection
EndGlobal
