
Microsoft Visual Studio Solution File, Format Version 11.00
# Visual Studio 2010
Project("{8BC9CEB8-8B4A-11D0-8D11-00A0C91BC942}") = "LogonDemo", "LogonDemo\LogonDemo.vcxproj", "{DD4BC4E8-4100-4E96-8860-6CF227C07A74}"
EndProject
Global
	GlobalSection(SolutionConfigurationPlatforms) = preSolution
		Debug|Win32 = Debug|Win32
		Release|Win32 = Release|Win32
	EndGlobalSection
	GlobalSection(ProjectConfigurationPlatforms) = postSolution
		{DD4BC4E8-4100-4E96-8860-6CF227C07A74}.Debug|Win32.ActiveCfg = Debug|Win32
		{DD4BC4E8-4100-4E96-8860-6CF227C07A74}.Debug|Win32.Build.0 = Debug|Win32
		{DD4BC4E8-4100-4E96-8860-6CF227C07A74}.Release|Win32.ActiveCfg = Release|Win32
		{DD4BC4E8-4100-4E96-8860-6CF227C07A74}.Release|Win32.Build.0 = Release|Win32
	EndGlobalSection
	GlobalSection(SolutionProperties) = preSolution
		HideSolutionNode = FALSE
	EndGlobalSection
EndGlobal
